PODS:
  - Alamofire (4.5.0)
  - AlamofireImage (3.2.0):
    - Alamofire (~> 4.1)
  - CRToast (0.0.9)
  - GDPerformanceView-Swift (1.2.0)
  - IQKeyboardManager (4.0.10)
  - Realm (2.8.3):
    - Realm/Headers (= 2.8.3)
  - Realm/Headers (2.8.3)
  - RealmSwift (2.8.3):
    - Realm (= 2.8.3)
  - SwiftLint (0.20.1)
  - SwiftyJSON (3.1.4)

DEPENDENCIES:
  - Alamofire (~> 4.4)
  - AlamofireImage (~> 3.1)
  - CRToast (~> 0.0.9)
  - GDPerformanceView-Swift (~> 1.2.0)
  - IQKeyboardManager
  - RealmSwift
  - SwiftLint
  - SwiftyJSON

SPEC CHECKSUMS:
  Alamofire: f28cdffd29de33a7bfa022cbd63ae95a27fae140
  AlamofireImage: 157ed682cc81d3b9db4fb90c1f12180ac552d93b
  CRToast: 5a78c22b921c5ed3487488af605bc403a9c92fed
  GDPerformanceView-Swift: 5f12f13dcdca4cb87f91ef91ba6b50981421c57f
  IQKeyboardManager: 593ee99b88381f4b9ccb22bd680f22606351bd41
  Realm: 3601ef091c8c499a31101d8563b991e75546cdce
  RealmSwift: 8183818515471b01a99abdd2970f8e4fd52b6f4a
  SwiftLint: f60095dc173a3f3ec505bb34f5229c3dfd779a54
  SwiftyJSON: c2842d878f95482ffceec5709abc3d05680c0220

PODFILE CHECKSUM: 5d3d921d608311dafd87eec0c7957d0045d9e1c1

COCOAPODS: 1.2.1
