PODS:
  - Alamofire (4.5.0)
  - AlamofireImage (3.2.0):
    - Alamofire (~> 4.1)
  - CRToast (0.0.9)
  - GDPerformanceView-Swift (1.2.0)
  - IQKeyboardManager (4.0.11)
  - Realm (2.9.0):
    - Realm/Headers (= 2.9.0)
  - Realm/Headers (2.9.0)
  - RealmSwift (2.9.0):
    - Realm (= 2.9.0)
  - SwiftLint (0.20.1)
  - SwiftyJSON (3.1.4)

DEPENDENCIES:
  - Alamofire (~> 4.4)
  - AlamofireImage (~> 3.1)
  - CRToast (~> 0.0.9)
  - GDPerformanceView-Swift (~> 1.2.0)
  - IQKeyboardManager
  - RealmSwift
  - SwiftLint
  - SwiftyJSON

SPEC CHECKSUMS:
  Alamofire: f28cdffd29de33a7bfa022cbd63ae95a27fae140
  AlamofireImage: 157ed682cc81d3b9db4fb90c1f12180ac552d93b
  CRToast: 5a78c22b921c5ed3487488af605bc403a9c92fed
  GDPerformanceView-Swift: 5f12f13dcdca4cb87f91ef91ba6b50981421c57f
  IQKeyboardManager: 83eae5318483a34eb2069ef413d195b97605232e
  Realm: f14ab1673502559cb16592ddb8f383c474c13e05
  RealmSwift: 16ad2c187042c4934f49750375582fe508627dcb
  SwiftLint: f60095dc173a3f3ec505bb34f5229c3dfd779a54
  SwiftyJSON: c2842d878f95482ffceec5709abc3d05680c0220

PODFILE CHECKSUM: 28ac3771628d7e027df850a491b8abd064278f18

COCOAPODS: 1.2.1
