// !$*UTF8*$!
{
	archiveVersion = 1;
	classes = {
	};
	objectVersion = 46;
	objects = {

/* Begin PBXBuildFile section */
		0E22D1FF61F0FB2687201BEC /* Pods_TestMEVTests.framework in Frameworks */ = {isa = PBXBuildFile; fileRef = 018EA0F949AF6E18784D9D2B /* Pods_TestMEVTests.framework */; };
		781164661F2A08E700FA0736 /* DetailInfo.storyboard in Resources */ = {isa = PBXBuildFile; fileRef = 781164651F2A08E700FA0736 /* DetailInfo.storyboard */; };
		781164681F2A08F900FA0736 /* DetailInfoController.swift in Sources */ = {isa = PBXBuildFile; fileRef = 781164671F2A08F900FA0736 /* DetailInfoController.swift */; };
		78BAFFDE1F2B37B800426711 /* DataLayer.swift in Sources */ = {isa = PBXBuildFile; fileRef = 78BAFFDD1F2B37B800426711 /* DataLayer.swift */; };
		78C513A71F2A0CFC00D791F3 /* MovieModel.swift in Sources */ = {isa = PBXBuildFile; fileRef = 78C513A61F2A0CFC00D791F3 /* MovieModel.swift */; };
		78C513AB1F2A0D6600D791F3 /* MovieBaseInfoCell.swift in Sources */ = {isa = PBXBuildFile; fileRef = 78C513A91F2A0D6600D791F3 /* MovieBaseInfoCell.swift */; };
		78C513AC1F2A0D6600D791F3 /* MovieBaseInfoCell.xib in Resources */ = {isa = PBXBuildFile; fileRef = 78C513AA1F2A0D6600D791F3 /* MovieBaseInfoCell.xib */; };
		78C513AE1F2A0F2D00D791F3 /* TrailerModel.swift in Sources */ = {isa = PBXBuildFile; fileRef = 78C513AD1F2A0F2D00D791F3 /* TrailerModel.swift */; };
		78C513B01F2A0F8000D791F3 /* CastModel.swift in Sources */ = {isa = PBXBuildFile; fileRef = 78C513AF1F2A0F8000D791F3 /* CastModel.swift */; };
		78C513B21F2A227400D791F3 /* Server.swift in Sources */ = {isa = PBXBuildFile; fileRef = 78C513B11F2A227400D791F3 /* Server.swift */; };
		78C513B41F2A242E00D791F3 /* Database.swift in Sources */ = {isa = PBXBuildFile; fileRef = 78C513B31F2A242E00D791F3 /* Database.swift */; };
		78C513B61F2A24FB00D791F3 /* SearchHistory.swift in Sources */ = {isa = PBXBuildFile; fileRef = 78C513B51F2A24FB00D791F3 /* SearchHistory.swift */; };
		78C513B91F2A291200D791F3 /* CellIdentifiers.swift in Sources */ = {isa = PBXBuildFile; fileRef = 78C513B81F2A291200D791F3 /* CellIdentifiers.swift */; };
		78C513BB1F2A29A500D791F3 /* BaseTableView.swift in Sources */ = {isa = PBXBuildFile; fileRef = 78C513BA1F2A29A500D791F3 /* BaseTableView.swift */; };
		78C513D11F2A471F00D791F3 /* TestMEVTests.swift in Sources */ = {isa = PBXBuildFile; fileRef = 78C513D01F2A471F00D791F3 /* TestMEVTests.swift */; };
		78C513D91F2A4A1E00D791F3 /* Pods_TestMEV.framework in Frameworks */ = {isa = PBXBuildFile; fileRef = 78C513D81F2A4A1D00D791F3 /* Pods_TestMEV.framework */; };
		78FDCD231F29F852002B3D92 /* AppDelegate.swift in Sources */ = {isa = PBXBuildFile; fileRef = 78FDCD221F29F852002B3D92 /* AppDelegate.swift */; };
		78FDCD251F29F852002B3D92 /* SearchController.swift in Sources */ = {isa = PBXBuildFile; fileRef = 78FDCD241F29F852002B3D92 /* SearchController.swift */; };
		78FDCD281F29F852002B3D92 /* Main.storyboard in Resources */ = {isa = PBXBuildFile; fileRef = 78FDCD261F29F852002B3D92 /* Main.storyboard */; };
		78FDCD2A1F29F852002B3D92 /* Assets.xcassets in Resources */ = {isa = PBXBuildFile; fileRef = 78FDCD291F29F852002B3D92 /* Assets.xcassets */; };
		78FDCD2D1F29F852002B3D92 /* LaunchScreen.storyboard in Resources */ = {isa = PBXBuildFile; fileRef = 78FDCD2B1F29F852002B3D92 /* LaunchScreen.storyboard */; };
		78FDCD3D1F2A04F3002B3D92 /* Functions.swift in Sources */ = {isa = PBXBuildFile; fileRef = 78FDCD3B1F2A04F3002B3D92 /* Functions.swift */; };
		78FDCD3E1F2A04F3002B3D92 /* Storyboards.swift in Sources */ = {isa = PBXBuildFile; fileRef = 78FDCD3C1F2A04F3002B3D92 /* Storyboards.swift */; };
		78FDCD401F2A0616002B3D92 /* HistoryController.swift in Sources */ = {isa = PBXBuildFile; fileRef = 78FDCD3F1F2A0616002B3D92 /* HistoryController.swift */; };
		FB19C64618461AD473454795 /* Pods_TestMEV.framework in Frameworks */ = {isa = PBXBuildFile; fileRef = 7AE5CE06209409FA141F796D /* Pods_TestMEV.framework */; };
/* End PBXBuildFile section */

/* Begin PBXContainerItemProxy section */
		78C513D31F2A471F00D791F3 /* PBXContainerItemProxy */ = {
			isa = PBXContainerItemProxy;
			containerPortal = 78FDCD171F29F851002B3D92 /* Project object */;
			proxyType = 1;
			remoteGlobalIDString = 78FDCD1E1F29F852002B3D92;
			remoteInfo = TestMEV;
		};
/* End PBXContainerItemProxy section */

/* Begin PBXFileReference section */
		018EA0F949AF6E18784D9D2B /* Pods_TestMEVTests.framework */ = {isa = PBXFileReference; explicitFileType = wrapper.framework; includeInIndex = 0; path = Pods_TestMEVTests.framework; sourceTree = BUILT_PRODUCTS_DIR; };
		1AF869CD24C1F6072870FD80 /* Pods-TestMEVTests.debug.xcconfig */ = {isa = PBXFileReference; includeInIndex = 1; lastKnownFileType = text.xcconfig; name = "Pods-TestMEVTests.debug.xcconfig"; path = "Pods/Target Support Files/Pods-TestMEVTests/Pods-TestMEVTests.debug.xcconfig"; sourceTree = "<group>"; };
		609FED569B04AFBB2E7C95CD /* Pods-TestMEV.release.xcconfig */ = {isa = PBXFileReference; includeInIndex = 1; lastKnownFileType = text.xcconfig; name = "Pods-TestMEV.release.xcconfig"; path = "Pods/Target Support Files/Pods-TestMEV/Pods-TestMEV.release.xcconfig"; sourceTree = "<group>"; };
		781164651F2A08E700FA0736 /* DetailInfo.storyboard */ = {isa = PBXFileReference; fileEncoding = 4; lastKnownFileType = file.storyboard; path = DetailInfo.storyboard; sourceTree = "<group>"; };
		781164671F2A08F900FA0736 /* DetailInfoController.swift */ = {isa = PBXFileReference; fileEncoding = 4; lastKnownFileType = sourcecode.swift; path = DetailInfoController.swift; sourceTree = "<group>"; };
		78BAFFDD1F2B37B800426711 /* DataLayer.swift */ = {isa = PBXFileReference; fileEncoding = 4; lastKnownFileType = sourcecode.swift; path = DataLayer.swift; sourceTree = "<group>"; };
		78C513A61F2A0CFC00D791F3 /* MovieModel.swift */ = {isa = PBXFileReference; fileEncoding = 4; lastKnownFileType = sourcecode.swift; path = MovieModel.swift; sourceTree = "<group>"; };
		78C513A91F2A0D6600D791F3 /* MovieBaseInfoCell.swift */ = {isa = PBXFileReference; fileEncoding = 4; lastKnownFileType = sourcecode.swift; path = MovieBaseInfoCell.swift; sourceTree = "<group>"; };
		78C513AA1F2A0D6600D791F3 /* MovieBaseInfoCell.xib */ = {isa = PBXFileReference; fileEncoding = 4; lastKnownFileType = file.xib; path = MovieBaseInfoCell.xib; sourceTree = "<group>"; };
		78C513AD1F2A0F2D00D791F3 /* TrailerModel.swift */ = {isa = PBXFileReference; fileEncoding = 4; lastKnownFileType = sourcecode.swift; path = TrailerModel.swift; sourceTree = "<group>"; };
		78C513AF1F2A0F8000D791F3 /* CastModel.swift */ = {isa = PBXFileReference; fileEncoding = 4; lastKnownFileType = sourcecode.swift; path = CastModel.swift; sourceTree = "<group>"; };
		78C513B11F2A227400D791F3 /* Server.swift */ = {isa = PBXFileReference; fileEncoding = 4; lastKnownFileType = sourcecode.swift; path = Server.swift; sourceTree = "<group>"; };
		78C513B31F2A242E00D791F3 /* Database.swift */ = {isa = PBXFileReference; fileEncoding = 4; lastKnownFileType = sourcecode.swift; path = Database.swift; sourceTree = "<group>"; };
		78C513B51F2A24FB00D791F3 /* SearchHistory.swift */ = {isa = PBXFileReference; fileEncoding = 4; lastKnownFileType = sourcecode.swift; path = SearchHistory.swift; sourceTree = "<group>"; };
		78C513B81F2A291200D791F3 /* CellIdentifiers.swift */ = {isa = PBXFileReference; fileEncoding = 4; lastKnownFileType = sourcecode.swift; path = CellIdentifiers.swift; sourceTree = "<group>"; };
		78C513BA1F2A29A500D791F3 /* BaseTableView.swift */ = {isa = PBXFileReference; fileEncoding = 4; lastKnownFileType = sourcecode.swift; path = BaseTableView.swift; sourceTree = "<group>"; };
		78C513CE1F2A471F00D791F3 /* TestMEVTests.xctest */ = {isa = PBXFileReference; explicitFileType = wrapper.cfbundle; includeInIndex = 0; path = TestMEVTests.xctest; sourceTree = BUILT_PRODUCTS_DIR; };
		78C513D01F2A471F00D791F3 /* TestMEVTests.swift */ = {isa = PBXFileReference; lastKnownFileType = sourcecode.swift; path = TestMEVTests.swift; sourceTree = "<group>"; };
		78C513D21F2A471F00D791F3 /* Info.plist */ = {isa = PBXFileReference; lastKnownFileType = text.plist.xml; path = Info.plist; sourceTree = "<group>"; };
		78C513D81F2A4A1D00D791F3 /* Pods_TestMEV.framework */ = {isa = PBXFileReference; lastKnownFileType = wrapper.framework; name = Pods_TestMEV.framework; path = "../../Library/Developer/Xcode/DerivedData/TestMEV-gldcruprbrogmxeexixguchcvhed/Build/Products/Debug-iphonesimulator/Pods_TestMEV.framework"; sourceTree = "<group>"; };
		78C513DA1F2A4A3200D791F3 /* RealmSwift.framework */ = {isa = PBXFileReference; lastKnownFileType = wrapper.framework; name = RealmSwift.framework; path = "../../Library/Developer/Xcode/DerivedData/TestMEV-gldcruprbrogmxeexixguchcvhed/Build/Products/Debug-iphonesimulator/RealmSwift/RealmSwift.framework"; sourceTree = "<group>"; };
		78C513DC1F2A4A3500D791F3 /* Realm.framework */ = {isa = PBXFileReference; lastKnownFileType = wrapper.framework; name = Realm.framework; path = "../../Library/Developer/Xcode/DerivedData/TestMEV-gldcruprbrogmxeexixguchcvhed/Build/Products/Debug-iphonesimulator/Realm/Realm.framework"; sourceTree = "<group>"; };
		78FDCD1F1F29F852002B3D92 /* TestMEV.app */ = {isa = PBXFileReference; explicitFileType = wrapper.application; includeInIndex = 0; path = TestMEV.app; sourceTree = BUILT_PRODUCTS_DIR; };
		78FDCD221F29F852002B3D92 /* AppDelegate.swift */ = {isa = PBXFileReference; lastKnownFileType = sourcecode.swift; path = AppDelegate.swift; sourceTree = "<group>"; };
		78FDCD241F29F852002B3D92 /* SearchController.swift */ = {isa = PBXFileReference; lastKnownFileType = sourcecode.swift; path = SearchController.swift; sourceTree = "<group>"; };
		78FDCD271F29F852002B3D92 /* Base */ = {isa = PBXFileReference; lastKnownFileType = file.storyboard; name = Base; path = Base.lproj/Main.storyboard; sourceTree = "<group>"; };
		78FDCD291F29F852002B3D92 /* Assets.xcassets */ = {isa = PBXFileReference; lastKnownFileType = folder.assetcatalog; path = Assets.xcassets; sourceTree = "<group>"; };
		78FDCD2C1F29F852002B3D92 /* Base */ = {isa = PBXFileReference; lastKnownFileType = file.storyboard; name = Base; path = Base.lproj/LaunchScreen.storyboard; sourceTree = "<group>"; };
		78FDCD2E1F29F852002B3D92 /* Info.plist */ = {isa = PBXFileReference; lastKnownFileType = text.plist.xml; path = Info.plist; sourceTree = "<group>"; };
		78FDCD3B1F2A04F3002B3D92 /* Functions.swift */ = {isa = PBXFileReference; fileEncoding = 4; lastKnownFileType = sourcecode.swift; path = Functions.swift; sourceTree = "<group>"; };
		78FDCD3C1F2A04F3002B3D92 /* Storyboards.swift */ = {isa = PBXFileReference; fileEncoding = 4; lastKnownFileType = sourcecode.swift; path = Storyboards.swift; sourceTree = "<group>"; };
		78FDCD3F1F2A0616002B3D92 /* HistoryController.swift */ = {isa = PBXFileReference; fileEncoding = 4; lastKnownFileType = sourcecode.swift; path = HistoryController.swift; sourceTree = "<group>"; };
		7AE5CE06209409FA141F796D /* Pods_TestMEV.framework */ = {isa = PBXFileReference; explicitFileType = wrapper.framework; includeInIndex = 0; path = Pods_TestMEV.framework; sourceTree = BUILT_PRODUCTS_DIR; };
		860471F02011CAD889D01EAD /* Pods-TestMEV.debug.xcconfig */ = {isa = PBXFileReference; includeInIndex = 1; lastKnownFileType = text.xcconfig; name = "Pods-TestMEV.debug.xcconfig"; path = "Pods/Target Support Files/Pods-TestMEV/Pods-TestMEV.debug.xcconfig"; sourceTree = "<group>"; };
		D1BDAB2DD196E40238F3BD9F /* Pods-TestMEVTests.release.xcconfig */ = {isa = PBXFileReference; includeInIndex = 1; lastKnownFileType = text.xcconfig; name = "Pods-TestMEVTests.release.xcconfig"; path = "Pods/Target Support Files/Pods-TestMEVTests/Pods-TestMEVTests.release.xcconfig"; sourceTree = "<group>"; };
/* End PBXFileReference section */

/* Begin PBXFrameworksBuildPhase section */
		78C513CB1F2A471F00D791F3 /* Frameworks */ = {
			isa = PBXFrameworksBuildPhase;
			buildActionMask = 2147483647;
			files = (
				78C513D91F2A4A1E00D791F3 /* Pods_TestMEV.framework in Frameworks */,
				0E22D1FF61F0FB2687201BEC /* Pods_TestMEVTests.framework in Frameworks */,
			);
			runOnlyForDeploymentPostprocessing = 0;
		};
		78FDCD1C1F29F852002B3D92 /* Frameworks */ = {
			isa = PBXFrameworksBuildPhase;
			buildActionMask = 2147483647;
			files = (
				FB19C64618461AD473454795 /* Pods_TestMEV.framework in Frameworks */,
			);
			runOnlyForDeploymentPostprocessing = 0;
		};
/* End PBXFrameworksBuildPhase section */

/* Begin PBXGroup section */
		493250283E7DE7B9EDD99140 /* Frameworks */ = {
			isa = PBXGroup;
			children = (
				78C513DC1F2A4A3500D791F3 /* Realm.framework */,
				78C513DA1F2A4A3200D791F3 /* RealmSwift.framework */,
				78C513D81F2A4A1D00D791F3 /* Pods_TestMEV.framework */,
				7AE5CE06209409FA141F796D /* Pods_TestMEV.framework */,
				018EA0F949AF6E18784D9D2B /* Pods_TestMEVTests.framework */,
			);
			name = Frameworks;
			sourceTree = "<group>";
		};
		781164641F2A08CD00FA0736 /* DetailInfo */ = {
			isa = PBXGroup;
			children = (
				781164651F2A08E700FA0736 /* DetailInfo.storyboard */,
				781164671F2A08F900FA0736 /* DetailInfoController.swift */,
			);
			name = DetailInfo;
			sourceTree = "<group>";
		};
		78BAFFDC1F2B379A00426711 /* DataLayer */ = {
			isa = PBXGroup;
			children = (
				78BAFFDD1F2B37B800426711 /* DataLayer.swift */,
			);
			name = DataLayer;
			sourceTree = "<group>";
		};
		78C513A81F2A0D3900D791F3 /* Cells */ = {
			isa = PBXGroup;
			children = (
				78C513AA1F2A0D6600D791F3 /* MovieBaseInfoCell.xib */,
				78C513A91F2A0D6600D791F3 /* MovieBaseInfoCell.swift */,
			);
			name = Cells;
			sourceTree = "<group>";
		};
		78C513CF1F2A471F00D791F3 /* TestMEVTests */ = {
			isa = PBXGroup;
			children = (
				78C513D01F2A471F00D791F3 /* TestMEVTests.swift */,
				78C513D21F2A471F00D791F3 /* Info.plist */,
			);
			path = TestMEVTests;
			sourceTree = "<group>";
		};
		78FDCD161F29F851002B3D92 = {
			isa = PBXGroup;
			children = (
				78FDCD211F29F852002B3D92 /* TestMEV */,
				78C513CF1F2A471F00D791F3 /* TestMEVTests */,
				78FDCD201F29F852002B3D92 /* Products */,
				98643A776E43C11D1744694D /* Pods */,
				493250283E7DE7B9EDD99140 /* Frameworks */,
			);
			sourceTree = "<group>";
		};
		78FDCD201F29F852002B3D92 /* Products */ = {
			isa = PBXGroup;
			children = (
				78FDCD1F1F29F852002B3D92 /* TestMEV.app */,
				78C513CE1F2A471F00D791F3 /* TestMEVTests.xctest */,
			);
			name = Products;
			sourceTree = "<group>";
		};
		78FDCD211F29F852002B3D92 /* TestMEV */ = {
			isa = PBXGroup;
			children = (
				78FDCD371F2A04D1002B3D92 /* Global */,
				78FDCD391F2A04DB002B3D92 /* Server */,
				78FDCD381F2A04D6002B3D92 /* Database */,
				78BAFFDC1F2B379A00426711 /* DataLayer */,
				781164641F2A08CD00FA0736 /* DetailInfo */,
				78FDCD351F29FE90002B3D92 /* Main */,
				78FDCD341F29FE82002B3D92 /* Other */,
			);
			path = TestMEV;
			sourceTree = "<group>";
		};
		78FDCD341F29FE82002B3D92 /* Other */ = {
			isa = PBXGroup;
			children = (
				78FDCD221F29F852002B3D92 /* AppDelegate.swift */,
				78C513BA1F2A29A500D791F3 /* BaseTableView.swift */,
				78FDCD291F29F852002B3D92 /* Assets.xcassets */,
				78FDCD2B1F29F852002B3D92 /* LaunchScreen.storyboard */,
				78FDCD2E1F29F852002B3D92 /* Info.plist */,
			);
			name = Other;
			sourceTree = "<group>";
		};
		78FDCD351F29FE90002B3D92 /* Main */ = {
			isa = PBXGroup;
			children = (
				78FDCD261F29F852002B3D92 /* Main.storyboard */,
				78FDCD241F29F852002B3D92 /* SearchController.swift */,
				78FDCD3F1F2A0616002B3D92 /* HistoryController.swift */,
				78C513B81F2A291200D791F3 /* CellIdentifiers.swift */,
				78C513A81F2A0D3900D791F3 /* Cells */,
			);
			name = Main;
			sourceTree = "<group>";
		};
		78FDCD371F2A04D1002B3D92 /* Global */ = {
			isa = PBXGroup;
			children = (
				78FDCD3A1F2A04E6002B3D92 /* Models */,
				78FDCD3B1F2A04F3002B3D92 /* Functions.swift */,
				78FDCD3C1F2A04F3002B3D92 /* Storyboards.swift */,
			);
			name = Global;
			sourceTree = "<group>";
		};
		78FDCD381F2A04D6002B3D92 /* Database */ = {
			isa = PBXGroup;
			children = (
				78C513B31F2A242E00D791F3 /* Database.swift */,
			);
			name = Database;
			sourceTree = "<group>";
		};
		78FDCD391F2A04DB002B3D92 /* Server */ = {
			isa = PBXGroup;
			children = (
				78C513B11F2A227400D791F3 /* Server.swift */,
			);
			name = Server;
			sourceTree = "<group>";
		};
		78FDCD3A1F2A04E6002B3D92 /* Models */ = {
			isa = PBXGroup;
			children = (
				78C513A61F2A0CFC00D791F3 /* MovieModel.swift */,
				78C513AD1F2A0F2D00D791F3 /* TrailerModel.swift */,
				78C513AF1F2A0F8000D791F3 /* CastModel.swift */,
				78C513B51F2A24FB00D791F3 /* SearchHistory.swift */,
			);
			name = Models;
			sourceTree = "<group>";
		};
		98643A776E43C11D1744694D /* Pods */ = {
			isa = PBXGroup;
			children = (
				860471F02011CAD889D01EAD /* Pods-TestMEV.debug.xcconfig */,
				609FED569B04AFBB2E7C95CD /* Pods-TestMEV.release.xcconfig */,
				1AF869CD24C1F6072870FD80 /* Pods-TestMEVTests.debug.xcconfig */,
				D1BDAB2DD196E40238F3BD9F /* Pods-TestMEVTests.release.xcconfig */,
			);
			name = Pods;
			sourceTree = "<group>";
		};
/* End PBXGroup section */

/* Begin PBXNativeTarget section */
		78C513CD1F2A471F00D791F3 /* TestMEVTests */ = {
			isa = PBXNativeTarget;
			buildConfigurationList = 78C513D51F2A471F00D791F3 /* Build configuration list for PBXNativeTarget "TestMEVTests" */;
			buildPhases = (
				9573753B55C98AE9AE7D33F9 /* [CP] Check Pods Manifest.lock */,
				78C513CA1F2A471F00D791F3 /* Sources */,
				78C513CB1F2A471F00D791F3 /* Frameworks */,
				78C513CC1F2A471F00D791F3 /* Resources */,
				A696C51C092D9A82C97AC8B1 /* [CP] Embed Pods Frameworks */,
				A571BC6F6D74EE76229CEE8E /* [CP] Copy Pods Resources */,
			);
			buildRules = (
			);
			dependencies = (
				78C513D41F2A471F00D791F3 /* PBXTargetDependency */,
			);
			name = TestMEVTests;
			productName = TestMEVTests;
			productReference = 78C513CE1F2A471F00D791F3 /* TestMEVTests.xctest */;
			productType = "com.apple.product-type.bundle.unit-test";
		};
		78FDCD1E1F29F852002B3D92 /* TestMEV */ = {
			isa = PBXNativeTarget;
			buildConfigurationList = 78FDCD311F29F852002B3D92 /* Build configuration list for PBXNativeTarget "TestMEV" */;
			buildPhases = (
				AB2FB56DBFABD3F6133EDE1A /* [CP] Check Pods Manifest.lock */,
				78FDCD361F29FEBF002B3D92 /* ShellScript */,
				78FDCD1B1F29F852002B3D92 /* Sources */,
				78FDCD1C1F29F852002B3D92 /* Frameworks */,
				78FDCD1D1F29F852002B3D92 /* Resources */,
				2E4D1B5EEBD4188B20BE38A3 /* [CP] Embed Pods Frameworks */,
				5256CBFAC48239EEA141DC31 /* [CP] Copy Pods Resources */,
			);
			buildRules = (
			);
			dependencies = (
			);
			name = TestMEV;
			productName = TestMEV;
			productReference = 78FDCD1F1F29F852002B3D92 /* TestMEV.app */;
			productType = "com.apple.product-type.application";
		};
/* End PBXNativeTarget section */

/* Begin PBXProject section */
		78FDCD171F29F851002B3D92 /* Project object */ = {
			isa = PBXProject;
			attributes = {
				LastSwiftUpdateCheck = 0830;
				LastUpgradeCheck = 0830;
				ORGANIZATIONNAME = "Dima Gubatenko";
				TargetAttributes = {
					78C513CD1F2A471F00D791F3 = {
						CreatedOnToolsVersion = 8.3.3;
						ProvisioningStyle = Manual;
						TestTargetID = 78FDCD1E1F29F852002B3D92;
					};
					78FDCD1E1F29F852002B3D92 = {
						CreatedOnToolsVersion = 8.3.3;
						ProvisioningStyle = Automatic;
					};
				};
			};
			buildConfigurationList = 78FDCD1A1F29F851002B3D92 /* Build configuration list for PBXProject "TestMEV" */;
			compatibilityVersion = "Xcode 3.2";
			developmentRegion = English;
			hasScannedForEncodings = 0;
			knownRegions = (
				en,
				Base,
			);
			mainGroup = 78FDCD161F29F851002B3D92;
			productRefGroup = 78FDCD201F29F852002B3D92 /* Products */;
			projectDirPath = "";
			projectRoot = "";
			targets = (
				78FDCD1E1F29F852002B3D92 /* TestMEV */,
				78C513CD1F2A471F00D791F3 /* TestMEVTests */,
			);
		};
/* End PBXProject section */

/* Begin PBXResourcesBuildPhase section */
		78C513CC1F2A471F00D791F3 /* Resources */ = {
			isa = PBXResourcesBuildPhase;
			buildActionMask = 2147483647;
			files = (
			);
			runOnlyForDeploymentPostprocessing = 0;
		};
		78FDCD1D1F29F852002B3D92 /* Resources */ = {
			isa = PBXResourcesBuildPhase;
			buildActionMask = 2147483647;
			files = (
				78FDCD2D1F29F852002B3D92 /* LaunchScreen.storyboard in Resources */,
				78FDCD2A1F29F852002B3D92 /* Assets.xcassets in Resources */,
				78C513AC1F2A0D6600D791F3 /* MovieBaseInfoCell.xib in Resources */,
				78FDCD281F29F852002B3D92 /* Main.storyboard in Resources */,
				781164661F2A08E700FA0736 /* DetailInfo.storyboard in Resources */,
			);
			runOnlyForDeploymentPostprocessing = 0;
		};
/* End PBXResourcesBuildPhase section */

/* Begin PBXShellScriptBuildPhase section */
		2E4D1B5EEBD4188B20BE38A3 /* [CP] Embed Pods Frameworks */ = {
			isa = PBXShellScriptBuildPhase;
			buildActionMask = 2147483647;
			files = (
			);
			inputPaths = (
			);
			name = "[CP] Embed Pods Frameworks";
			outputPaths = (
			);
			runOnlyForDeploymentPostprocessing = 0;
			shellPath = /bin/sh;
			shellScript = "\"${SRCROOT}/Pods/Target Support Files/Pods-TestMEV/Pods-TestMEV-frameworks.sh\"\n";
			showEnvVarsInLog = 0;
		};
		5256CBFAC48239EEA141DC31 /* [CP] Copy Pods Resources */ = {
			isa = PBXShellScriptBuildPhase;
			buildActionMask = 2147483647;
			files = (
			);
			inputPaths = (
			);
			name = "[CP] Copy Pods Resources";
			outputPaths = (
			);
			runOnlyForDeploymentPostprocessing = 0;
			shellPath = /bin/sh;
			shellScript = "\"${SRCROOT}/Pods/Target Support Files/Pods-TestMEV/Pods-TestMEV-resources.sh\"\n";
			showEnvVarsInLog = 0;
		};
		78FDCD361F29FEBF002B3D92 /* ShellScript */ = {
			isa = PBXShellScriptBuildPhase;
			buildActionMask = 2147483647;
			files = (
			);
			inputPaths = (
			);
			outputPaths = (
			);
			runOnlyForDeploymentPostprocessing = 0;
			shellPath = /bin/sh;
			shellScript = "\"${PODS_ROOT}/SwiftLint/swiftlint\"";
		};
		9573753B55C98AE9AE7D33F9 /* [CP] Check Pods Manifest.lock */ = {
			isa = PBXShellScriptBuildPhase;
			buildActionMask = 2147483647;
			files = (
			);
			inputPaths = (
			);
			name = "[CP] Check Pods Manifest.lock";
			outputPaths = (
			);
			runOnlyForDeploymentPostprocessing = 0;
			shellPath = /bin/sh;
			shellScript = "diff \"${PODS_PODFILE_DIR_PATH}/Podfile.lock\" \"${PODS_ROOT}/Manifest.lock\" > /dev/null\nif [ $? != 0 ] ; then\n    # print error to STDERR\n    echo \"error: The sandbox is not in sync with the Podfile.lock. Run 'pod install' or update your CocoaPods installation.\" >&2\n    exit 1\nfi\n";
			showEnvVarsInLog = 0;
		};
		A571BC6F6D74EE76229CEE8E /* [CP] Copy Pods Resources */ = {
			isa = PBXShellScriptBuildPhase;
			buildActionMask = 2147483647;
			files = (
			);
			inputPaths = (
			);
			name = "[CP] Copy Pods Resources";
			outputPaths = (
			);
			runOnlyForDeploymentPostprocessing = 0;
			shellPath = /bin/sh;
			shellScript = "\"${SRCROOT}/Pods/Target Support Files/Pods-TestMEVTests/Pods-TestMEVTests-resources.sh\"\n";
			showEnvVarsInLog = 0;
		};
		A696C51C092D9A82C97AC8B1 /* [CP] Embed Pods Frameworks */ = {
			isa = PBXShellScriptBuildPhase;
			buildActionMask = 2147483647;
			files = (
			);
			inputPaths = (
			);
			name = "[CP] Embed Pods Frameworks";
			outputPaths = (
			);
			runOnlyForDeploymentPostprocessing = 0;
			shellPath = /bin/sh;
			shellScript = "\"${SRCROOT}/Pods/Target Support Files/Pods-TestMEVTests/Pods-TestMEVTests-frameworks.sh\"\n";
			showEnvVarsInLog = 0;
		};
		AB2FB56DBFABD3F6133EDE1A /* [CP] Check Pods Manifest.lock */ = {
			isa = PBXShellScriptBuildPhase;
			buildActionMask = 2147483647;
			files = (
			);
			inputPaths = (
			);
			name = "[CP] Check Pods Manifest.lock";
			outputPaths = (
			);
			runOnlyForDeploymentPostprocessing = 0;
			shellPath = /bin/sh;
			shellScript = "diff \"${PODS_PODFILE_DIR_PATH}/Podfile.lock\" \"${PODS_ROOT}/Manifest.lock\" > /dev/null\nif [ $? != 0 ] ; then\n    # print error to STDERR\n    echo \"error: The sandbox is not in sync with the Podfile.lock. Run 'pod install' or update your CocoaPods installation.\" >&2\n    exit 1\nfi\n";
			showEnvVarsInLog = 0;
		};
/* End PBXShellScriptBuildPhase section */

/* Begin PBXSourcesBuildPhase section */
		78C513CA1F2A471F00D791F3 /* Sources */ = {
			isa = PBXSourcesBuildPhase;
			buildActionMask = 2147483647;
			files = (
				78C513D11F2A471F00D791F3 /* TestMEVTests.swift in Sources */,
			);
			runOnlyForDeploymentPostprocessing = 0;
		};
		78FDCD1B1F29F852002B3D92 /* Sources */ = {
			isa = PBXSourcesBuildPhase;
			buildActionMask = 2147483647;
			files = (
				78FDCD401F2A0616002B3D92 /* HistoryController.swift in Sources */,
				78BAFFDE1F2B37B800426711 /* DataLayer.swift in Sources */,
				78C513AB1F2A0D6600D791F3 /* MovieBaseInfoCell.swift in Sources */,
				78FDCD3E1F2A04F3002B3D92 /* Storyboards.swift in Sources */,
				78C513B61F2A24FB00D791F3 /* SearchHistory.swift in Sources */,
				78C513BB1F2A29A500D791F3 /* BaseTableView.swift in Sources */,
				78FDCD251F29F852002B3D92 /* SearchController.swift in Sources */,
				78C513A71F2A0CFC00D791F3 /* MovieModel.swift in Sources */,
				78C513AE1F2A0F2D00D791F3 /* TrailerModel.swift in Sources */,
				78C513B41F2A242E00D791F3 /* Database.swift in Sources */,
				78C513B01F2A0F8000D791F3 /* CastModel.swift in Sources */,
				78FDCD231F29F852002B3D92 /* AppDelegate.swift in Sources */,
				781164681F2A08F900FA0736 /* DetailInfoController.swift in Sources */,
				78C513B21F2A227400D791F3 /* Server.swift in Sources */,
				78C513B91F2A291200D791F3 /* CellIdentifiers.swift in Sources */,
				78FDCD3D1F2A04F3002B3D92 /* Functions.swift in Sources */,
			);
			runOnlyForDeploymentPostprocessing = 0;
		};
/* End PBXSourcesBuildPhase section */

/* Begin PBXTargetDependency section */
		78C513D41F2A471F00D791F3 /* PBXTargetDependency */ = {
			isa = PBXTargetDependency;
			target = 78FDCD1E1F29F852002B3D92 /* TestMEV */;
			targetProxy = 78C513D31F2A471F00D791F3 /* PBXContainerItemProxy */;
		};
/* End PBXTargetDependency section */

/* Begin PBXVariantGroup section */
		78FDCD261F29F852002B3D92 /* Main.storyboard */ = {
			isa = PBXVariantGroup;
			children = (
				78FDCD271F29F852002B3D92 /* Base */,
			);
			name = Main.storyboard;
			sourceTree = "<group>";
		};
		78FDCD2B1F29F852002B3D92 /* LaunchScreen.storyboard */ = {
			isa = PBXVariantGroup;
			children = (
				78FDCD2C1F29F852002B3D92 /* Base */,
			);
			name = LaunchScreen.storyboard;
			sourceTree = "<group>";
		};
/* End PBXVariantGroup section */

/* Begin XCBuildConfiguration section */
		78C513D61F2A471F00D791F3 /* Debug */ = {
			isa = XCBuildConfiguration;
			baseConfigurationReference = 1AF869CD24C1F6072870FD80 /* Pods-TestMEVTests.debug.xcconfig */;
			buildSettings = {
				BUNDLE_LOADER = "$(TEST_HOST)";
				DEVELOPMENT_TEAM = "";
				INFOPLIST_FILE = TestMEVTests/Info.plist;
				LD_RUNPATH_SEARCH_PATHS = "$(inherited) @executable_path/Frameworks @loader_path/Frameworks";
				PRODUCT_BUNDLE_IDENTIFIER = test.db.TestMEVTests;
				PRODUCT_NAME = "$(TARGET_NAME)";
				PROVISIONING_PROFILE_SPECIFIER = "";
				SWIFT_VERSION = 3.0;
				TEST_HOST = "$(BUILT_PRODUCTS_DIR)/TestMEV.app/TestMEV";
			};
			name = Debug;
		};
		78C513D71F2A471F00D791F3 /* Release */ = {
			isa = XCBuildConfiguration;
			baseConfigurationReference = D1BDAB2DD196E40238F3BD9F /* Pods-TestMEVTests.release.xcconfig */;
			buildSettings = {
				BUNDLE_LOADER = "$(TEST_HOST)";
				DEVELOPMENT_TEAM = "";
				INFOPLIST_FILE = TestMEVTests/Info.plist;
				LD_RUNPATH_SEARCH_PATHS = "$(inherited) @executable_path/Frameworks @loader_path/Frameworks";
				PRODUCT_BUNDLE_IDENTIFIER = test.db.TestMEVTests;
				PRODUCT_NAME = "$(TARGET_NAME)";
				PROVISIONING_PROFILE_SPECIFIER = "";
				SWIFT_VERSION = 3.0;
				TEST_HOST = "$(BUILT_PRODUCTS_DIR)/TestMEV.app/TestMEV";
			};
			name = Release;
		};
		78FDCD2F1F29F852002B3D92 /* Debug */ = {
			isa = XCBuildConfiguration;
			buildSettings = {
				ALWAYS_SEARCH_USER_PATHS = NO;
				CLANG_ANALYZER_NONNULL = YES;
				CLANG_ANALYZER_NUMBER_OBJECT_CONVERSION = YES_AGGRESSIVE;
				CLANG_CXX_LANGUAGE_STANDARD = "gnu++0x";
				CLANG_CXX_LIBRARY = "libc++";
				CLANG_ENABLE_MODULES = YES;
				CLANG_ENABLE_OBJC_ARC = YES;
				CLANG_WARN_BOOL_CONVERSION = YES;
				CLANG_WARN_CONSTANT_CONVERSION = YES;
				CLANG_WARN_DIRECT_OBJC_ISA_USAGE = YES_ERROR;
				CLANG_WARN_DOCUMENTATION_COMMENTS = YES;
				CLANG_WARN_EMPTY_BODY = YES;
				CLANG_WARN_ENUM_CONVERSION = YES;
				CLANG_WARN_INFINITE_RECURSION = YES;
				CLANG_WARN_INT_CONVERSION = YES;
				CLANG_WARN_OBJC_ROOT_CLASS = YES_ERROR;
				CLANG_WARN_SUSPICIOUS_MOVE = YES;
				CLANG_WARN_UNREACHABLE_CODE = YES;
				CLANG_WARN__DUPLICATE_METHOD_MATCH = YES;
				"CODE_SIGN_IDENTITY[sdk=iphoneos*]" = "iPhone Developer";
				COPY_PHASE_STRIP = NO;
				DEBUG_INFORMATION_FORMAT = dwarf;
				ENABLE_STRICT_OBJC_MSGSEND = YES;
				ENABLE_TESTABILITY = YES;
				GCC_C_LANGUAGE_STANDARD = gnu99;
				GCC_DYNAMIC_NO_PIC = NO;
				GCC_NO_COMMON_BLOCKS = YES;
				GCC_OPTIMIZATION_LEVEL = 0;
				GCC_PREPROCESSOR_DEFINITIONS = (
					"DEBUG=1",
					"$(inherited)",
				);
				GCC_WARN_64_TO_32_BIT_CONVERSION = YES;
				GCC_WARN_ABOUT_RETURN_TYPE = YES_ERROR;
				GCC_WARN_UNDECLARED_SELECTOR = YES;
				GCC_WARN_UNINITIALIZED_AUTOS = YES_AGGRESSIVE;
				GCC_WARN_UNUSED_FUNCTION = YES;
				GCC_WARN_UNUSED_VARIABLE = YES;
				IPHONEOS_DEPLOYMENT_TARGET = 10.3;
				MTL_ENABLE_DEBUG_INFO = YES;
				ONLY_ACTIVE_ARCH = YES;
				SDKROOT = iphoneos;
				SWIFT_ACTIVE_COMPILATION_CONDITIONS = DEBUG;
				SWIFT_OPTIMIZATION_LEVEL = "-Onone";
			};
			name = Debug;
		};
		78FDCD301F29F852002B3D92 /* Release */ = {
			isa = XCBuildConfiguration;
			buildSettings = {
				ALWAYS_SEARCH_USER_PATHS = NO;
				CLANG_ANALYZER_NONNULL = YES;
				CLANG_ANALYZER_NUMBER_OBJECT_CONVERSION = YES_AGGRESSIVE;
				CLANG_CXX_LANGUAGE_STANDARD = "gnu++0x";
				CLANG_CXX_LIBRARY = "libc++";
				CLANG_ENABLE_MODULES = YES;
				CLANG_ENABLE_OBJC_ARC = YES;
				CLANG_WARN_BOOL_CONVERSION = YES;
				CLANG_WARN_CONSTANT_CONVERSION = YES;
				CLANG_WARN_DIRECT_OBJC_ISA_USAGE = YES_ERROR;
				CLANG_WARN_DOCUMENTATION_COMMENTS = YES;
				CLANG_WARN_EMPTY_BODY = YES;
				CLANG_WARN_ENUM_CONVERSION = YES;
				CLANG_WARN_INFINITE_RECURSION = YES;
				CLANG_WARN_INT_CONVERSION = YES;
				CLANG_WARN_OBJC_ROOT_CLASS = YES_ERROR;
				CLANG_WARN_SUSPICIOUS_MOVE = YES;
				CLANG_WARN_UNREACHABLE_CODE = YES;
				CLANG_WARN__DUPLICATE_METHOD_MATCH = YES;
				"CODE_SIGN_IDENTITY[sdk=iphoneos*]" = "iPhone Developer";
				COPY_PHASE_STRIP = NO;
				DEBUG_INFORMATION_FORMAT = "dwarf-with-dsym";
				ENABLE_NS_ASSERTIONS = NO;
				ENABLE_STRICT_OBJC_MSGSEND = YES;
				GCC_C_LANGUAGE_STANDARD = gnu99;
				GCC_NO_COMMON_BLOCKS = YES;
				GCC_WARN_64_TO_32_BIT_CONVERSION = YES;
				GCC_WARN_ABOUT_RETURN_TYPE = YES_ERROR;
				GCC_WARN_UNDECLARED_SELECTOR = YES;
				GCC_WARN_UNINITIALIZED_AUTOS = YES_AGGRESSIVE;
				GCC_WARN_UNUSED_FUNCTION = YES;
				GCC_WARN_UNUSED_VARIABLE = YES;
				IPHONEOS_DEPLOYMENT_TARGET = 10.3;
				MTL_ENABLE_DEBUG_INFO = NO;
				SDKROOT = iphoneos;
				SWIFT_OPTIMIZATION_LEVEL = "-Owholemodule";
				VALIDATE_PRODUCT = YES;
			};
			name = Release;
		};
		78FDCD321F29F852002B3D92 /* Debug */ = {
			isa = XCBuildConfiguration;
			baseConfigurationReference = 860471F02011CAD889D01EAD /* Pods-TestMEV.debug.xcconfig */;
			buildSettings = {
				ASSETCATALOG_COMPILER_APPICON_NAME = AppIcon;
				INFOPLIST_FILE = TestMEV/Info.plist;
				LD_RUNPATH_SEARCH_PATHS = "$(inherited) @executable_path/Frameworks";
				PRODUCT_BUNDLE_IDENTIFIER = test.db.TestMEV;
				PRODUCT_NAME = "$(TARGET_NAME)";
				SWIFT_VERSION = 3.0;
			};
			name = Debug;
		};
		78FDCD331F29F852002B3D92 /* Release */ = {
			isa = XCBuildConfiguration;
			baseConfigurationReference = 609FED569B04AFBB2E7C95CD /* Pods-TestMEV.release.xcconfig */;
			buildSettings = {
				ASSETCATALOG_COMPILER_APPICON_NAME = AppIcon;
				INFOPLIST_FILE = TestMEV/Info.plist;
				LD_RUNPATH_SEARCH_PATHS = "$(inherited) @executable_path/Frameworks";
				PRODUCT_BUNDLE_IDENTIFIER = test.db.TestMEV;
				PRODUCT_NAME = "$(TARGET_NAME)";
				SWIFT_VERSION = 3.0;
			};
			name = Release;
		};
/* End XCBuildConfiguration section */

/* Begin XCConfigurationList section */
		78C513D51F2A471F00D791F3 /* Build configuration list for PBXNativeTarget "TestMEVTests" */ = {
			isa = XCConfigurationList;
			buildConfigurations = (
				78C513D61F2A471F00D791F3 /* Debug */,
				78C513D71F2A471F00D791F3 /* Release */,
			);
			defaultConfigurationIsVisible = 0;
			defaultConfigurationName = Release;
		};
		78FDCD1A1F29F851002B3D92 /* Build configuration list for PBXProject "TestMEV" */ = {
			isa = XCConfigurationList;
			buildConfigurations = (
				78FDCD2F1F29F852002B3D92 /* Debug */,
				78FDCD301F29F852002B3D92 /* Release */,
			);
			defaultConfigurationIsVisible = 0;
			defaultConfigurationName = Release;
		};
		78FDCD311F29F852002B3D92 /* Build configuration list for PBXNativeTarget "TestMEV" */ = {
			isa = XCConfigurationList;
			buildConfigurations = (
				78FDCD321F29F852002B3D92 /* Debug */,
				78FDCD331F29F852002B3D92 /* Release */,
			);
			defaultConfigurationIsVisible = 0;
			defaultConfigurationName = Release;
		};
/* End XCConfigurationList section */
	};
	rootObject = 78FDCD171F29F851002B3D92 /* Project object */;
}
